
Microsoft Visual Studio Solution File, Format Version 12.00
# Visual Studio 15
VisualStudioVersion = 15.0.27703.2035
MinimumVisualStudioVersion = 10.0.40219.1
Project("{FAE04EC0-301F-11D3-BF4B-00C04F79EFBC}") = "MobilePhoneConsoleApp", "SimcorpMobilePhone\MobilePhoneConsoleApp.csproj", "{E0B0A18F-B888-4575-9867-878D4F035009}"
EndProject
Project("{FAE04EC0-301F-11D3-BF4B-00C04F79EFBC}") = "MobilePhoneFormApp", "PhoneApplication\MobilePhoneFormApp.csproj", "{E2AC086D-8EF5-40B3-B13E-6345454951C7}"
	ProjectSection(ProjectDependencies) = postProject
		{E0B0A18F-B888-4575-9867-878D4F035009} = {E0B0A18F-B888-4575-9867-878D4F035009}
	EndProjectSection
EndProject
Project("{FAE04EC0-301F-11D3-BF4B-00C04F79EFBC}") = "MobilePhoneComponents", "SimcorpMobileComponents\MobilePhoneComponents.csproj", "{69A01672-832C-4BDA-84BB-88A84CF8839B}"
EndProject
Project("{2150E333-8FDC-42A3-9474-1A3956D46DE8}") = "Test Projects", "Test Projects", "{3EB7077C-3AB3-4E29-B698-712DA60CBE7C}"
EndProject
Project("{FAE04EC0-301F-11D3-BF4B-00C04F79EFBC}") = "MobilePhoneTest", "MobilePhoneTest\MobilePhoneTest.csproj", "{B2BE96C4-0EBD-4CE3-B54F-CAA01454763D}"
EndProject
Project("{FAE04EC0-301F-11D3-BF4B-00C04F79EFBC}") = "SMSReceiver", "SMSReceiver\SMSReceiver.csproj", "{DE968BCE-01F6-4F2F-898A-12E6128FCF59}"
EndProject
Global
	GlobalSection(SolutionConfigurationPlatforms) = preSolution
		Debug|Any CPU = Debug|Any CPU
		Debug|ARM = Debug|ARM
		Debug|x64 = Debug|x64
		Debug|x86 = Debug|x86
		Release|Any CPU = Release|Any CPU
		Release|ARM = Release|ARM
		Release|x64 = Release|x64
		Release|x86 = Release|x86
	EndGlobalSection
	GlobalSection(ProjectConfigurationPlatforms) = postSolution
		{E0B0A18F-B888-4575-9867-878D4F035009}.Debug|Any CPU.ActiveCfg = Debug|Any CPU
		{E0B0A18F-B888-4575-9867-878D4F035009}.Debug|Any CPU.Build.0 = Debug|Any CPU
		{E0B0A18F-B888-4575-9867-878D4F035009}.Debug|ARM.ActiveCfg = Debug|Any CPU
		{E0B0A18F-B888-4575-9867-878D4F035009}.Debug|ARM.Build.0 = Debug|Any CPU
		{E0B0A18F-B888-4575-9867-878D4F035009}.Debug|x64.ActiveCfg = Debug|Any CPU
		{E0B0A18F-B888-4575-9867-878D4F035009}.Debug|x64.Build.0 = Debug|Any CPU
		{E0B0A18F-B888-4575-9867-878D4F035009}.Debug|x86.ActiveCfg = Debug|Any CPU
		{E0B0A18F-B888-4575-9867-878D4F035009}.Debug|x86.Build.0 = Debug|Any CPU
		{E0B0A18F-B888-4575-9867-878D4F035009}.Release|Any CPU.ActiveCfg = Release|Any CPU
		{E0B0A18F-B888-4575-9867-878D4F035009}.Release|Any CPU.Build.0 = Release|Any CPU
		{E0B0A18F-B888-4575-9867-878D4F035009}.Release|ARM.ActiveCfg = Release|Any CPU
		{E0B0A18F-B888-4575-9867-878D4F035009}.Release|ARM.Build.0 = Release|Any CPU
		{E0B0A18F-B888-4575-9867-878D4F035009}.Release|x64.ActiveCfg = Release|Any CPU
		{E0B0A18F-B888-4575-9867-878D4F035009}.Release|x64.Build.0 = Release|Any CPU
		{E0B0A18F-B888-4575-9867-878D4F035009}.Release|x86.ActiveCfg = Release|Any CPU
		{E0B0A18F-B888-4575-9867-878D4F035009}.Release|x86.Build.0 = Release|Any CPU
		{E2AC086D-8EF5-40B3-B13E-6345454951C7}.Debug|Any CPU.ActiveCfg = Debug|Any CPU
		{E2AC086D-8EF5-40B3-B13E-6345454951C7}.Debug|Any CPU.Build.0 = Debug|Any CPU
		{E2AC086D-8EF5-40B3-B13E-6345454951C7}.Debug|ARM.ActiveCfg = Debug|Any CPU
		{E2AC086D-8EF5-40B3-B13E-6345454951C7}.Debug|ARM.Build.0 = Debug|Any CPU
		{E2AC086D-8EF5-40B3-B13E-6345454951C7}.Debug|x64.ActiveCfg = Debug|Any CPU
		{E2AC086D-8EF5-40B3-B13E-6345454951C7}.Debug|x64.Build.0 = Debug|Any CPU
		{E2AC086D-8EF5-40B3-B13E-6345454951C7}.Debug|x86.ActiveCfg = Debug|Any CPU
		{E2AC086D-8EF5-40B3-B13E-6345454951C7}.Debug|x86.Build.0 = Debug|Any CPU
		{E2AC086D-8EF5-40B3-B13E-6345454951C7}.Release|Any CPU.ActiveCfg = Release|Any CPU
		{E2AC086D-8EF5-40B3-B13E-6345454951C7}.Release|Any CPU.Build.0 = Release|Any CPU
		{E2AC086D-8EF5-40B3-B13E-6345454951C7}.Release|ARM.ActiveCfg = Release|Any CPU
		{E2AC086D-8EF5-40B3-B13E-6345454951C7}.Release|ARM.Build.0 = Release|Any CPU
		{E2AC086D-8EF5-40B3-B13E-6345454951C7}.Release|x64.ActiveCfg = Release|Any CPU
		{E2AC086D-8EF5-40B3-B13E-6345454951C7}.Release|x64.Build.0 = Release|Any CPU
		{E2AC086D-8EF5-40B3-B13E-6345454951C7}.Release|x86.ActiveCfg = Release|Any CPU
		{E2AC086D-8EF5-40B3-B13E-6345454951C7}.Release|x86.Build.0 = Release|Any CPU
		{69A01672-832C-4BDA-84BB-88A84CF8839B}.Debug|Any CPU.ActiveCfg = Debug|Any CPU
		{69A01672-832C-4BDA-84BB-88A84CF8839B}.Debug|Any CPU.Build.0 = Debug|Any CPU
		{69A01672-832C-4BDA-84BB-88A84CF8839B}.Debug|ARM.ActiveCfg = Debug|Any CPU
		{69A01672-832C-4BDA-84BB-88A84CF8839B}.Debug|ARM.Build.0 = Debug|Any CPU
		{69A01672-832C-4BDA-84BB-88A84CF8839B}.Debug|x64.ActiveCfg = Debug|Any CPU
		{69A01672-832C-4BDA-84BB-88A84CF8839B}.Debug|x64.Build.0 = Debug|Any CPU
		{69A01672-832C-4BDA-84BB-88A84CF8839B}.Debug|x86.ActiveCfg = Debug|Any CPU
		{69A01672-832C-4BDA-84BB-88A84CF8839B}.Debug|x86.Build.0 = Debug|Any CPU
		{69A01672-832C-4BDA-84BB-88A84CF8839B}.Release|Any CPU.ActiveCfg = Release|Any CPU
		{69A01672-832C-4BDA-84BB-88A84CF8839B}.Release|Any CPU.Build.0 = Release|Any CPU
		{69A01672-832C-4BDA-84BB-88A84CF8839B}.Release|ARM.ActiveCfg = Release|Any CPU
		{69A01672-832C-4BDA-84BB-88A84CF8839B}.Release|ARM.Build.0 = Release|Any CPU
		{69A01672-832C-4BDA-84BB-88A84CF8839B}.Release|x64.ActiveCfg = Release|Any CPU
		{69A01672-832C-4BDA-84BB-88A84CF8839B}.Release|x64.Build.0 = Release|Any CPU
		{69A01672-832C-4BDA-84BB-88A84CF8839B}.Release|x86.ActiveCfg = Release|Any CPU
		{69A01672-832C-4BDA-84BB-88A84CF8839B}.Release|x86.Build.0 = Release|Any CPU
		{B2BE96C4-0EBD-4CE3-B54F-CAA01454763D}.Debug|Any CPU.ActiveCfg = Debug|Any CPU
		{B2BE96C4-0EBD-4CE3-B54F-CAA01454763D}.Debug|Any CPU.Build.0 = Debug|Any CPU
		{B2BE96C4-0EBD-4CE3-B54F-CAA01454763D}.Debug|ARM.ActiveCfg = Debug|Any CPU
		{B2BE96C4-0EBD-4CE3-B54F-CAA01454763D}.Debug|ARM.Build.0 = Debug|Any CPU
		{B2BE96C4-0EBD-4CE3-B54F-CAA01454763D}.Debug|x64.ActiveCfg = Debug|Any CPU
		{B2BE96C4-0EBD-4CE3-B54F-CAA01454763D}.Debug|x64.Build.0 = Debug|Any CPU
		{B2BE96C4-0EBD-4CE3-B54F-CAA01454763D}.Debug|x86.ActiveCfg = Debug|Any CPU
		{B2BE96C4-0EBD-4CE3-B54F-CAA01454763D}.Debug|x86.Build.0 = Debug|Any CPU
		{B2BE96C4-0EBD-4CE3-B54F-CAA01454763D}.Release|Any CPU.ActiveCfg = Release|Any CPU
		{B2BE96C4-0EBD-4CE3-B54F-CAA01454763D}.Release|Any CPU.Build.0 = Release|Any CPU
		{B2BE96C4-0EBD-4CE3-B54F-CAA01454763D}.Release|ARM.ActiveCfg = Release|Any CPU
		{B2BE96C4-0EBD-4CE3-B54F-CAA01454763D}.Release|ARM.Build.0 = Release|Any CPU
		{B2BE96C4-0EBD-4CE3-B54F-CAA01454763D}.Release|x64.ActiveCfg = Release|Any CPU
		{B2BE96C4-0EBD-4CE3-B54F-CAA01454763D}.Release|x64.Build.0 = Release|Any CPU
		{B2BE96C4-0EBD-4CE3-B54F-CAA01454763D}.Release|x86.ActiveCfg = Release|Any CPU
		{B2BE96C4-0EBD-4CE3-B54F-CAA01454763D}.Release|x86.Build.0 = Release|Any CPU
		{DE968BCE-01F6-4F2F-898A-12E6128FCF59}.Debug|Any CPU.ActiveCfg = Debug|Any CPU
		{DE968BCE-01F6-4F2F-898A-12E6128FCF59}.Debug|Any CPU.Build.0 = Debug|Any CPU
		{DE968BCE-01F6-4F2F-898A-12E6128FCF59}.Debug|ARM.ActiveCfg = Debug|Any CPU
		{DE968BCE-01F6-4F2F-898A-12E6128FCF59}.Debug|ARM.Build.0 = Debug|Any CPU
		{DE968BCE-01F6-4F2F-898A-12E6128FCF59}.Debug|x64.ActiveCfg = Debug|Any CPU
		{DE968BCE-01F6-4F2F-898A-12E6128FCF59}.Debug|x64.Build.0 = Debug|Any CPU
		{DE968BCE-01F6-4F2F-898A-12E6128FCF59}.Debug|x86.ActiveCfg = Debug|Any CPU
		{DE968BCE-01F6-4F2F-898A-12E6128FCF59}.Debug|x86.Build.0 = Debug|Any CPU
		{DE968BCE-01F6-4F2F-898A-12E6128FCF59}.Release|Any CPU.ActiveCfg = Release|Any CPU
		{DE968BCE-01F6-4F2F-898A-12E6128FCF59}.Release|Any CPU.Build.0 = Release|Any CPU
		{DE968BCE-01F6-4F2F-898A-12E6128FCF59}.Release|ARM.ActiveCfg = Release|Any CPU
		{DE968BCE-01F6-4F2F-898A-12E6128FCF59}.Release|ARM.Build.0 = Release|Any CPU
		{DE968BCE-01F6-4F2F-898A-12E6128FCF59}.Release|x64.ActiveCfg = Release|Any CPU
		{DE968BCE-01F6-4F2F-898A-12E6128FCF59}.Release|x64.Build.0 = Release|Any CPU
		{DE968BCE-01F6-4F2F-898A-12E6128FCF59}.Release|x86.ActiveCfg = Release|Any CPU
		{DE968BCE-01F6-4F2F-898A-12E6128FCF59}.Release|x86.Build.0 = Release|Any CPU
	EndGlobalSection
	GlobalSection(SolutionProperties) = preSolution
		HideSolutionNode = FALSE
	EndGlobalSection
	GlobalSection(NestedProjects) = preSolution
		{B2BE96C4-0EBD-4CE3-B54F-CAA01454763D} = {3EB7077C-3AB3-4E29-B698-712DA60CBE7C}
	EndGlobalSection
	GlobalSection(ExtensibilityGlobals) = postSolution
		SolutionGuid = {00634499-4484-43A4-BA18-BA3A9A79DE22}
	EndGlobalSection
EndGlobal
